// !$*UTF8*$!
{
	archiveVersion = 1;
	classes = {
	};
	objectVersion = 46;
	objects = {

/* Begin PBXAggregateTarget section */
		A7E9E06C2519420FA3708D42 /* ALL_BUILD */ = {
			isa = PBXAggregateTarget;
			buildConfigurationList = FDC30B23E97E4F46BEE4DA2C /* Build configuration list for PBXAggregateTarget "ALL_BUILD" */;
			buildPhases = (
				AF4854BBEA962F17040F113C /* Generate CMakeFiles/ALL_BUILD */,
			);
			dependencies = (
				C5BFA1B99EE3490182C7D032 /* PBXTargetDependency */,
				99232990292C493CA549D9A0 /* PBXTargetDependency */,
				5CFA5E032F3A4883AF659F5C /* PBXTargetDependency */,
				A93E6F02BC4341A6B6E8DFAB /* PBXTargetDependency */,
			);
			name = ALL_BUILD;
			productName = ALL_BUILD;
		};
		F3B46E71ED9A4B6182139493 /* ZERO_CHECK */ = {
			isa = PBXAggregateTarget;
			buildConfigurationList = 517704D2D2CC4DE1A1A68069 /* Build configuration list for PBXAggregateTarget "ZERO_CHECK" */;
			buildPhases = (
				C4E9E16D998AB0DD71906992 /* Generate CMakeFiles/ZERO_CHECK */,
			);
			dependencies = (
			);
			name = ZERO_CHECK;
			productName = ZERO_CHECK;
		};
/* End PBXAggregateTarget section */

/* Begin PBXBuildFile section */
		0E843AE642E1441ABEFF743B /* /Users/aldric-l/Documents/C++ Dev/DDPG-Oligopolies-Simulator/Simulator/AKML-lib/AgentBasedUtilities/CSV_Saver.hpp */ = {isa = PBXBuildFile; fileRef = ADBB9460C5DE49E6A6DD777B /* /Users/aldric-l/Documents/C++ Dev/DDPG-Oligopolies-Simulator/Simulator/AKML-lib/AgentBasedUtilities/CSV_Saver.hpp */; };
		17936D64921F45D3837F1210 /* /Users/aldric-l/Documents/C++ Dev/DDPG-Oligopolies-Simulator/Simulator/SimulationManager.cpp */ = {isa = PBXBuildFile; fileRef = 77D080791F0A41FAAF719540 /* /Users/aldric-l/Documents/C++ Dev/DDPG-Oligopolies-Simulator/Simulator/SimulationManager.cpp */; };
		1C123CDE16EA467787D046A7 /* /Users/aldric-l/Documents/C++ Dev/DDPG-Oligopolies-Simulator/Simulator/AKML-lib/NeuralLayer.hpp */ = {isa = PBXBuildFile; fileRef = 99BABBBC0B9240A882FBF7CE /* /Users/aldric-l/Documents/C++ Dev/DDPG-Oligopolies-Simulator/Simulator/AKML-lib/NeuralLayer.hpp */; };
		21632C8F3AC04B908F604752 /* /Users/aldric-l/Documents/C++ Dev/DDPG-Oligopolies-Simulator/Simulator/AKML-lib/CMakeLists.txt */ = {isa = PBXBuildFile; fileRef = 23DC05AAAADA4BB898007B86 /* /Users/aldric-l/Documents/C++ Dev/DDPG-Oligopolies-Simulator/Simulator/AKML-lib/CMakeLists.txt */; };
		21BD97AA06174B0ABA39AC4C /* /Users/aldric-l/Documents/C++ Dev/DDPG-Oligopolies-Simulator/Simulator/AKML-lib/Matrices/StaticMatrix.hpp */ = {isa = PBXBuildFile; fileRef = 24DC3E6170B142DF99D35DDC /* /Users/aldric-l/Documents/C++ Dev/DDPG-Oligopolies-Simulator/Simulator/AKML-lib/Matrices/StaticMatrix.hpp */; };
		2A3D480AC0D34238ADE4EC42 /* /Users/aldric-l/Documents/C++ Dev/DDPG-Oligopolies-Simulator/Simulator/AKML-lib/NeuralNetwork.hpp */ = {isa = PBXBuildFile; fileRef = FE714A18C67542B591E14674 /* /Users/aldric-l/Documents/C++ Dev/DDPG-Oligopolies-Simulator/Simulator/AKML-lib/NeuralNetwork.hpp */; };
		2BEB2916EC0247D481B49D6B /* /Users/aldric-l/Documents/C++ Dev/DDPG-Oligopolies-Simulator/Simulator/AKML-lib/Matrices.hpp */ = {isa = PBXBuildFile; fileRef = FD18BC320823455091269381 /* /Users/aldric-l/Documents/C++ Dev/DDPG-Oligopolies-Simulator/Simulator/AKML-lib/Matrices.hpp */; };
		4B85130FE0134D23ADFFE58A /* /Users/aldric-l/Documents/C++ Dev/DDPG-Oligopolies-Simulator/Simulator/AKML-lib/StaticLoops.hpp */ = {isa = PBXBuildFile; fileRef = 6EE728E43958458597D1E720 /* /Users/aldric-l/Documents/C++ Dev/DDPG-Oligopolies-Simulator/Simulator/AKML-lib/StaticLoops.hpp */; };
		4BF540A7E71A4C53AA703274 /* /Users/aldric-l/Documents/C++ Dev/DDPG-Oligopolies-Simulator/Simulator/AKML-lib/Matrices/MatrixOperations.hpp */ = {isa = PBXBuildFile; fileRef = 918F9B4F38194585BBAB6482 /* /Users/aldric-l/Documents/C++ Dev/DDPG-Oligopolies-Simulator/Simulator/AKML-lib/Matrices/MatrixOperations.hpp */; };
		4F0974F7F4084F91A2615FBF /* /Users/aldric-l/Documents/C++ Dev/DDPG-Oligopolies-Simulator/Simulator/main.cpp */ = {isa = PBXBuildFile; fileRef = 077989D5A76C4BB48D467528 /* /Users/aldric-l/Documents/C++ Dev/DDPG-Oligopolies-Simulator/Simulator/main.cpp */; };
		50CB4A27E0D54FBEB44D49C5 /* /Users/aldric-l/Documents/C++ Dev/DDPG-Oligopolies-Simulator/Simulator/AKML-lib/AgentBasedUtilities/BaseAgent.hpp */ = {isa = PBXBuildFile; fileRef = B8275CB269B54BC18A2AA169 /* /Users/aldric-l/Documents/C++ Dev/DDPG-Oligopolies-Simulator/Simulator/AKML-lib/AgentBasedUtilities/BaseAgent.hpp */; };
		53557EB1DF0E467E8AFFFBC3 /* /Users/aldric-l/Documents/C++ Dev/DDPG-Oligopolies-Simulator/Simulator/AKML-lib/NeuralNetwork.cpp */ = {isa = PBXBuildFile; fileRef = C65D281FC42044B29BCD46D5 /* /Users/aldric-l/Documents/C++ Dev/DDPG-Oligopolies-Simulator/Simulator/AKML-lib/NeuralNetwork.cpp */; };
		5ABAE581E5CF42D68C003432 /* /Users/aldric-l/Documents/C++ Dev/DDPG-Oligopolies-Simulator/Simulator/AKML-lib/AgentBasedUtilities/CMakeLists.txt */ = {isa = PBXBuildFile; fileRef = 87DFA124D80B4DC990AD33B0 /* /Users/aldric-l/Documents/C++ Dev/DDPG-Oligopolies-Simulator/Simulator/AKML-lib/AgentBasedUtilities/CMakeLists.txt */; };
		60EF5369CB844C67AF40E42A /* /Users/aldric-l/Documents/C++ Dev/DDPG-Oligopolies-Simulator/Simulator/AKML-lib/GeneticAlgorithm.cpp */ = {isa = PBXBuildFile; fileRef = 2143025984034BE392C52433 /* /Users/aldric-l/Documents/C++ Dev/DDPG-Oligopolies-Simulator/Simulator/AKML-lib/GeneticAlgorithm.cpp */; };
		704C61941BC34BFEBF2CC5F0 /* /Users/aldric-l/Documents/C++ Dev/DDPG-Oligopolies-Simulator/Simulator/AKML-lib/Matrices/DynamicMatrix.hpp */ = {isa = PBXBuildFile; fileRef = 5FA91B717F624DE686CB9B14 /* /Users/aldric-l/Documents/C++ Dev/DDPG-Oligopolies-Simulator/Simulator/AKML-lib/Matrices/DynamicMatrix.hpp */; };
		7AAC752A1FC0427E99E7CEE6 /* /Users/aldric-l/Documents/C++ Dev/DDPG-Oligopolies-Simulator/Simulator/AKML-lib/Matrices/Matrix.hpp */ = {isa = PBXBuildFile; fileRef = E8188206D6EF411F85753403 /* /Users/aldric-l/Documents/C++ Dev/DDPG-Oligopolies-Simulator/Simulator/AKML-lib/Matrices/Matrix.hpp */; };
		8684FDFA99A04630B954EBE1 /* /Users/aldric-l/Documents/C++ Dev/DDPG-Oligopolies-Simulator/Simulator/AKML-lib/AgentBasedUtilities/BaseAgent.cpp */ = {isa = PBXBuildFile; fileRef = 57B75C68FFC04F569ACAD4F1 /* /Users/aldric-l/Documents/C++ Dev/DDPG-Oligopolies-Simulator/Simulator/AKML-lib/AgentBasedUtilities/BaseAgent.cpp */; };
		87759FD3BD1A407994C58C84 /* /Users/aldric-l/Documents/C++ Dev/DDPG-Oligopolies-Simulator/Simulator/LearningAgent.hpp */ = {isa = PBXBuildFile; fileRef = 57E1F597AEC344548C65F29E /* /Users/aldric-l/Documents/C++ Dev/DDPG-Oligopolies-Simulator/Simulator/LearningAgent.hpp */; };
		A125567347294CC7A6D949C3 /* /Users/aldric-l/Documents/C++ Dev/DDPG-Oligopolies-Simulator/Simulator/LearningAgent.cpp */ = {isa = PBXBuildFile; fileRef = DE4E983175DB44E38DD12A4E /* /Users/aldric-l/Documents/C++ Dev/DDPG-Oligopolies-Simulator/Simulator/LearningAgent.cpp */; };
		AA7CCA6177324687AD98CD8A /* /Users/aldric-l/Documents/C++ Dev/DDPG-Oligopolies-Simulator/Simulator/SimulationManager.hpp */ = {isa = PBXBuildFile; fileRef = D05EE096921E4583B048E7A7 /* /Users/aldric-l/Documents/C++ Dev/DDPG-Oligopolies-Simulator/Simulator/SimulationManager.hpp */; };
		B78CF8C6BD54436E80D8279E /* /Users/aldric-l/Documents/C++ Dev/DDPG-Oligopolies-Simulator/Simulator/AKML-lib/Matrices/MatrixInterface.hpp */ = {isa = PBXBuildFile; fileRef = 30A3697F8A6749FD8E954DAA /* /Users/aldric-l/Documents/C++ Dev/DDPG-Oligopolies-Simulator/Simulator/AKML-lib/Matrices/MatrixInterface.hpp */; };
		C98AB4FA163D453FBD7BF92F /* /Users/aldric-l/Documents/C++ Dev/DDPG-Oligopolies-Simulator/Simulator/AKML-lib/AgentBasedUtilities/Save.hpp */ = {isa = PBXBuildFile; fileRef = AC84A495B4A546BDBEF40275 /* /Users/aldric-l/Documents/C++ Dev/DDPG-Oligopolies-Simulator/Simulator/AKML-lib/AgentBasedUtilities/Save.hpp */; };
		D2BB0B31450946D08B3A6089 /* /Users/aldric-l/Documents/C++ Dev/DDPG-Oligopolies-Simulator/CMakeLists.txt */ = {isa = PBXBuildFile; fileRef = CBDED6D7FFCC49D185238865 /* /Users/aldric-l/Documents/C++ Dev/DDPG-Oligopolies-Simulator/CMakeLists.txt */; };
		D33D25A171BB423C8D95400D /* /Users/aldric-l/Documents/C++ Dev/DDPG-Oligopolies-Simulator/Simulator/AKML-lib/NeuralFunctions.hpp */ = {isa = PBXBuildFile; fileRef = 32F9D1DF035D4561BB2A8494 /* /Users/aldric-l/Documents/C++ Dev/DDPG-Oligopolies-Simulator/Simulator/AKML-lib/NeuralFunctions.hpp */; };
		EE3FA3D2B86E4EC2B307BC41 /* /Users/aldric-l/Documents/C++ Dev/DDPG-Oligopolies-Simulator/Simulator/AKML-lib/NeuralFunctions.cpp */ = {isa = PBXBuildFile; fileRef = 748E925ED46E4518BD4B3A73 /* /Users/aldric-l/Documents/C++ Dev/DDPG-Oligopolies-Simulator/Simulator/AKML-lib/NeuralFunctions.cpp */; };
		F3F3CB05AC6547D198153E36 /* /Users/aldric-l/Documents/C++ Dev/DDPG-Oligopolies-Simulator/Simulator/AKML-lib/GeneticAlgorithm.hpp */ = {isa = PBXBuildFile; fileRef = EE7AF4B9ED58454691A388F9 /* /Users/aldric-l/Documents/C++ Dev/DDPG-Oligopolies-Simulator/Simulator/AKML-lib/GeneticAlgorithm.hpp */; };
		F69B157F412244189671C914 /* /Users/aldric-l/Documents/C++ Dev/DDPG-Oligopolies-Simulator/Simulator/AKML-lib/AKML.hpp */ = {isa = PBXBuildFile; fileRef = 9749CF4BDEE640DAB073AB93 /* /Users/aldric-l/Documents/C++ Dev/DDPG-Oligopolies-Simulator/Simulator/AKML-lib/AKML.hpp */; };
/* End PBXBuildFile section */

/* Begin PBXBuildStyle section */
		5B575FEFE73D430AB372475C /* RelWithDebInfo */ = {
			isa = PBXBuildStyle;
			buildSettings = {
				COPY_PHASE_STRIP = NO;
			};
			name = RelWithDebInfo;
		};
		7160D0B80C2B455C83495241 /* Debug */ = {
			isa = PBXBuildStyle;
			buildSettings = {
				COPY_PHASE_STRIP = NO;
			};
			name = Debug;
		};
		C248362C164241CEA476A4C2 /* MinSizeRel */ = {
			isa = PBXBuildStyle;
			buildSettings = {
				COPY_PHASE_STRIP = NO;
			};
			name = MinSizeRel;
		};
		F61F4C03F3C045D1B24A4251 /* Release */ = {
			isa = PBXBuildStyle;
			buildSettings = {
				COPY_PHASE_STRIP = NO;
			};
			name = Release;
		};
/* End PBXBuildStyle section */

/* Begin PBXContainerItemProxy section */
		18C182C6CBF644B3A83A2D06 /* PBXContainerItemProxy */ = {
			isa = PBXContainerItemProxy;
			containerPortal = 068B78A1FFD04236878838E8 /* Project object */;
			proxyType = 1;
			remoteGlobalIDString = F3B46E71ED9A4B6182139493;
			remoteInfo = ZERO_CHECK;
		};
		6414D90A299B4820A7034344 /* PBXContainerItemProxy */ = {
			isa = PBXContainerItemProxy;
			containerPortal = 068B78A1FFD04236878838E8 /* Project object */;
			proxyType = 1;
			remoteGlobalIDString = F3B46E71ED9A4B6182139493;
			remoteInfo = ZERO_CHECK;
		};
		7146CE270A084F21A3BAA20A /* PBXContainerItemProxy */ = {
			isa = PBXContainerItemProxy;
			containerPortal = 068B78A1FFD04236878838E8 /* Project object */;
			proxyType = 1;
			remoteGlobalIDString = 9B1986F224D242BC83FE1603;
			remoteInfo = AKML;
		};
		7CC8D34644F04F0EB501C203 /* PBXContainerItemProxy */ = {
			isa = PBXContainerItemProxy;
			containerPortal = 068B78A1FFD04236878838E8 /* Project object */;
			proxyType = 1;
			remoteGlobalIDString = F3B46E71ED9A4B6182139493;
			remoteInfo = ZERO_CHECK;
		};
		873444E8DBD3490593926412 /* PBXContainerItemProxy */ = {
			isa = PBXContainerItemProxy;
			containerPortal = 068B78A1FFD04236878838E8 /* Project object */;
			proxyType = 1;
			remoteGlobalIDString = 9B1986F224D242BC83FE1603;
			remoteInfo = AKML;
		};
		B3C724AB5F2D4C00B12252B7 /* PBXContainerItemProxy */ = {
			isa = PBXContainerItemProxy;
			containerPortal = 068B78A1FFD04236878838E8 /* Project object */;
			proxyType = 1;
			remoteGlobalIDString = E9D99C62F5EE4147A6D426E5;
			remoteInfo = AKML_AgentBasedUtilities;
		};
		DCC8843E5ECC4916859CD9F3 /* PBXContainerItemProxy */ = {
			isa = PBXContainerItemProxy;
			containerPortal = 068B78A1FFD04236878838E8 /* Project object */;
			proxyType = 1;
			remoteGlobalIDString = F3B46E71ED9A4B6182139493;
			remoteInfo = ZERO_CHECK;
		};
		F114AB7A512047FB9DE3C23B /* PBXContainerItemProxy */ = {
			isa = PBXContainerItemProxy;
			containerPortal = 068B78A1FFD04236878838E8 /* Project object */;
			proxyType = 1;
			remoteGlobalIDString = FFEB630067EA45B483A88109;
			remoteInfo = "DDPG-Oligopolies-Simulator";
		};
/* End PBXContainerItemProxy section */

/* Begin PBXFileReference section */
		077989D5A76C4BB48D467528 /* /Users/aldric-l/Documents/C++ Dev/DDPG-Oligopolies-Simulator/Simulator/main.cpp */ = {isa = PBXFileReference; explicitFileType = sourcecode.cpp.cpp; fileEncoding = 4; name = main.cpp; path = Simulator/main.cpp; sourceTree = SOURCE_ROOT; };
		2143025984034BE392C52433 /* /Users/aldric-l/Documents/C++ Dev/DDPG-Oligopolies-Simulator/Simulator/AKML-lib/GeneticAlgorithm.cpp */ = {isa = PBXFileReference; explicitFileType = sourcecode.cpp.cpp; fileEncoding = 4; name = GeneticAlgorithm.cpp; path = "Simulator/AKML-lib/GeneticAlgorithm.cpp"; sourceTree = SOURCE_ROOT; };
		23DC05AAAADA4BB898007B86 /* /Users/aldric-l/Documents/C++ Dev/DDPG-Oligopolies-Simulator/Simulator/AKML-lib/CMakeLists.txt */ = {isa = PBXFileReference; explicitFileType = sourcecode.text; fileEncoding = 4; name = CMakeLists.txt; path = "Simulator/AKML-lib/CMakeLists.txt"; sourceTree = SOURCE_ROOT; };
		24DC3E6170B142DF99D35DDC /* /Users/aldric-l/Documents/C++ Dev/DDPG-Oligopolies-Simulator/Simulator/AKML-lib/Matrices/StaticMatrix.hpp */ = {isa = PBXFileReference; explicitFileType = sourcecode.cpp.h; fileEncoding = 4; name = StaticMatrix.hpp; path = "Simulator/AKML-lib/Matrices/StaticMatrix.hpp"; sourceTree = SOURCE_ROOT; };
		30A3697F8A6749FD8E954DAA /* /Users/aldric-l/Documents/C++ Dev/DDPG-Oligopolies-Simulator/Simulator/AKML-lib/Matrices/MatrixInterface.hpp */ = {isa = PBXFileReference; explicitFileType = sourcecode.cpp.h; fileEncoding = 4; name = MatrixInterface.hpp; path = "Simulator/AKML-lib/Matrices/MatrixInterface.hpp"; sourceTree = SOURCE_ROOT; };
		30EB15D0571F462EAFC16DE6 /* /Users/aldric-l/Documents/C++ Dev/DDPG-Oligopolies-Simulator/CMakeLists.txt */ = {isa = PBXFileReference; explicitFileType = sourcecode.text; fileEncoding = 4; name = CMakeLists.txt; path = CMakeLists.txt; sourceTree = SOURCE_ROOT; };
		32F9D1DF035D4561BB2A8494 /* /Users/aldric-l/Documents/C++ Dev/DDPG-Oligopolies-Simulator/Simulator/AKML-lib/NeuralFunctions.hpp */ = {isa = PBXFileReference; explicitFileType = sourcecode.cpp.h; fileEncoding = 4; name = NeuralFunctions.hpp; path = "Simulator/AKML-lib/NeuralFunctions.hpp"; sourceTree = SOURCE_ROOT; };
		57B75C68FFC04F569ACAD4F1 /* /Users/aldric-l/Documents/C++ Dev/DDPG-Oligopolies-Simulator/Simulator/AKML-lib/AgentBasedUtilities/BaseAgent.cpp */ = {isa = PBXFileReference; explicitFileType = sourcecode.cpp.cpp; fileEncoding = 4; name = BaseAgent.cpp; path = "Simulator/AKML-lib/AgentBasedUtilities/BaseAgent.cpp"; sourceTree = SOURCE_ROOT; };
		57E1F597AEC344548C65F29E /* /Users/aldric-l/Documents/C++ Dev/DDPG-Oligopolies-Simulator/Simulator/LearningAgent.hpp */ = {isa = PBXFileReference; explicitFileType = sourcecode.cpp.h; fileEncoding = 4; name = LearningAgent.hpp; path = Simulator/LearningAgent.hpp; sourceTree = SOURCE_ROOT; };
		5FA91B717F624DE686CB9B14 /* /Users/aldric-l/Documents/C++ Dev/DDPG-Oligopolies-Simulator/Simulator/AKML-lib/Matrices/DynamicMatrix.hpp */ = {isa = PBXFileReference; explicitFileType = sourcecode.cpp.h; fileEncoding = 4; name = DynamicMatrix.hpp; path = "Simulator/AKML-lib/Matrices/DynamicMatrix.hpp"; sourceTree = SOURCE_ROOT; };
		612B8F5FC93C4FD498CA7BBF /* DDPG-Oligopolies-Simulator */ = {isa = PBXFileReference; explicitFileType = "compiled.mach-o.executable"; path = "DDPG-Oligopolies-Simulator"; sourceTree = BUILT_PRODUCTS_DIR; };
		62DADB51013A4B55AA25F973 /* AKML */ = {isa = PBXFileReference; explicitFileType = archive.ar; path = libAKML.a; sourceTree = BUILT_PRODUCTS_DIR; };
		6EE728E43958458597D1E720 /* /Users/aldric-l/Documents/C++ Dev/DDPG-Oligopolies-Simulator/Simulator/AKML-lib/StaticLoops.hpp */ = {isa = PBXFileReference; explicitFileType = sourcecode.cpp.h; fileEncoding = 4; name = StaticLoops.hpp; path = "Simulator/AKML-lib/StaticLoops.hpp"; sourceTree = SOURCE_ROOT; };
		748E925ED46E4518BD4B3A73 /* /Users/aldric-l/Documents/C++ Dev/DDPG-Oligopolies-Simulator/Simulator/AKML-lib/NeuralFunctions.cpp */ = {isa = PBXFileReference; explicitFileType = sourcecode.cpp.cpp; fileEncoding = 4; name = NeuralFunctions.cpp; path = "Simulator/AKML-lib/NeuralFunctions.cpp"; sourceTree = SOURCE_ROOT; };
		77D080791F0A41FAAF719540 /* /Users/aldric-l/Documents/C++ Dev/DDPG-Oligopolies-Simulator/Simulator/SimulationManager.cpp */ = {isa = PBXFileReference; explicitFileType = sourcecode.cpp.cpp; fileEncoding = 4; name = SimulationManager.cpp; path = Simulator/SimulationManager.cpp; sourceTree = SOURCE_ROOT; };
		87DFA124D80B4DC990AD33B0 /* /Users/aldric-l/Documents/C++ Dev/DDPG-Oligopolies-Simulator/Simulator/AKML-lib/AgentBasedUtilities/CMakeLists.txt */ = {isa = PBXFileReference; explicitFileType = sourcecode.text; fileEncoding = 4; name = CMakeLists.txt; path = "Simulator/AKML-lib/AgentBasedUtilities/CMakeLists.txt"; sourceTree = SOURCE_ROOT; };
		918F9B4F38194585BBAB6482 /* /Users/aldric-l/Documents/C++ Dev/DDPG-Oligopolies-Simulator/Simulator/AKML-lib/Matrices/MatrixOperations.hpp */ = {isa = PBXFileReference; explicitFileType = sourcecode.cpp.h; fileEncoding = 4; name = MatrixOperations.hpp; path = "Simulator/AKML-lib/Matrices/MatrixOperations.hpp"; sourceTree = SOURCE_ROOT; };
		9749CF4BDEE640DAB073AB93 /* /Users/aldric-l/Documents/C++ Dev/DDPG-Oligopolies-Simulator/Simulator/AKML-lib/AKML.hpp */ = {isa = PBXFileReference; explicitFileType = sourcecode.cpp.h; fileEncoding = 4; name = AKML.hpp; path = "Simulator/AKML-lib/AKML.hpp"; sourceTree = SOURCE_ROOT; };
		99BABBBC0B9240A882FBF7CE /* /Users/aldric-l/Documents/C++ Dev/DDPG-Oligopolies-Simulator/Simulator/AKML-lib/NeuralLayer.hpp */ = {isa = PBXFileReference; explicitFileType = sourcecode.cpp.h; fileEncoding = 4; name = NeuralLayer.hpp; path = "Simulator/AKML-lib/NeuralLayer.hpp"; sourceTree = SOURCE_ROOT; };
		AC84A495B4A546BDBEF40275 /* /Users/aldric-l/Documents/C++ Dev/DDPG-Oligopolies-Simulator/Simulator/AKML-lib/AgentBasedUtilities/Save.hpp */ = {isa = PBXFileReference; explicitFileType = sourcecode.cpp.h; fileEncoding = 4; name = Save.hpp; path = "Simulator/AKML-lib/AgentBasedUtilities/Save.hpp"; sourceTree = SOURCE_ROOT; };
		ADBB9460C5DE49E6A6DD777B /* /Users/aldric-l/Documents/C++ Dev/DDPG-Oligopolies-Simulator/Simulator/AKML-lib/AgentBasedUtilities/CSV_Saver.hpp */ = {isa = PBXFileReference; explicitFileType = sourcecode.cpp.h; fileEncoding = 4; name = CSV_Saver.hpp; path = "Simulator/AKML-lib/AgentBasedUtilities/CSV_Saver.hpp"; sourceTree = SOURCE_ROOT; };
		B4759A8AD9474768AE902AA0 /* AKML_AgentBasedUtilities */ = {isa = PBXFileReference; explicitFileType = archive.ar; path = libAKML_AgentBasedUtilities.a; sourceTree = BUILT_PRODUCTS_DIR; };
		B8275CB269B54BC18A2AA169 /* /Users/aldric-l/Documents/C++ Dev/DDPG-Oligopolies-Simulator/Simulator/AKML-lib/AgentBasedUtilities/BaseAgent.hpp */ = {isa = PBXFileReference; explicitFileType = sourcecode.cpp.h; fileEncoding = 4; name = BaseAgent.hpp; path = "Simulator/AKML-lib/AgentBasedUtilities/BaseAgent.hpp"; sourceTree = SOURCE_ROOT; };
		C65D281FC42044B29BCD46D5 /* /Users/aldric-l/Documents/C++ Dev/DDPG-Oligopolies-Simulator/Simulator/AKML-lib/NeuralNetwork.cpp */ = {isa = PBXFileReference; explicitFileType = sourcecode.cpp.cpp; fileEncoding = 4; name = NeuralNetwork.cpp; path = "Simulator/AKML-lib/NeuralNetwork.cpp"; sourceTree = SOURCE_ROOT; };
		CBDED6D7FFCC49D185238865 /* /Users/aldric-l/Documents/C++ Dev/DDPG-Oligopolies-Simulator/CMakeLists.txt */ = {isa = PBXFileReference; explicitFileType = sourcecode.text; fileEncoding = 4; name = CMakeLists.txt; path = CMakeLists.txt; sourceTree = SOURCE_ROOT; };
		D05EE096921E4583B048E7A7 /* /Users/aldric-l/Documents/C++ Dev/DDPG-Oligopolies-Simulator/Simulator/SimulationManager.hpp */ = {isa = PBXFileReference; explicitFileType = sourcecode.cpp.h; fileEncoding = 4; name = SimulationManager.hpp; path = Simulator/SimulationManager.hpp; sourceTree = SOURCE_ROOT; };
		DE4E983175DB44E38DD12A4E /* /Users/aldric-l/Documents/C++ Dev/DDPG-Oligopolies-Simulator/Simulator/LearningAgent.cpp */ = {isa = PBXFileReference; explicitFileType = sourcecode.cpp.cpp; fileEncoding = 4; name = LearningAgent.cpp; path = Simulator/LearningAgent.cpp; sourceTree = SOURCE_ROOT; };
		E8188206D6EF411F85753403 /* /Users/aldric-l/Documents/C++ Dev/DDPG-Oligopolies-Simulator/Simulator/AKML-lib/Matrices/Matrix.hpp */ = {isa = PBXFileReference; explicitFileType = sourcecode.cpp.h; fileEncoding = 4; name = Matrix.hpp; path = "Simulator/AKML-lib/Matrices/Matrix.hpp"; sourceTree = SOURCE_ROOT; };
		EE7AF4B9ED58454691A388F9 /* /Users/aldric-l/Documents/C++ Dev/DDPG-Oligopolies-Simulator/Simulator/AKML-lib/GeneticAlgorithm.hpp */ = {isa = PBXFileReference; explicitFileType = sourcecode.cpp.h; fileEncoding = 4; name = GeneticAlgorithm.hpp; path = "Simulator/AKML-lib/GeneticAlgorithm.hpp"; sourceTree = SOURCE_ROOT; };
		FD18BC320823455091269381 /* /Users/aldric-l/Documents/C++ Dev/DDPG-Oligopolies-Simulator/Simulator/AKML-lib/Matrices.hpp */ = {isa = PBXFileReference; explicitFileType = sourcecode.cpp.h; fileEncoding = 4; name = Matrices.hpp; path = "Simulator/AKML-lib/Matrices.hpp"; sourceTree = SOURCE_ROOT; };
		FE714A18C67542B591E14674 /* /Users/aldric-l/Documents/C++ Dev/DDPG-Oligopolies-Simulator/Simulator/AKML-lib/NeuralNetwork.hpp */ = {isa = PBXFileReference; explicitFileType = sourcecode.cpp.h; fileEncoding = 4; name = NeuralNetwork.hpp; path = "Simulator/AKML-lib/NeuralNetwork.hpp"; sourceTree = SOURCE_ROOT; };
/* End PBXFileReference section */

/* Begin PBXFrameworksBuildPhase section */
		1366BD1175FB43D98ED804D1 /* Frameworks */ = {
			isa = PBXFrameworksBuildPhase;
			buildActionMask = 2147483647;
			files = (
			);
			runOnlyForDeploymentPostprocessing = 0;
		};
		1D573007E35F4A76826F75B6 /* Frameworks */ = {
			isa = PBXFrameworksBuildPhase;
			buildActionMask = 2147483647;
			files = (
			);
			runOnlyForDeploymentPostprocessing = 0;
		};
		279764BEFE904309841B7B6D /* Frameworks */ = {
			isa = PBXFrameworksBuildPhase;
			buildActionMask = 2147483647;
			files = (
			);
			runOnlyForDeploymentPostprocessing = 0;
		};
/* End PBXFrameworksBuildPhase section */

/* Begin PBXGroup section */
		256F70AE83CB4BD79E8ADB9A /* Source Files */ = {
			isa = PBXGroup;
			children = (
				2143025984034BE392C52433 /* /Users/aldric-l/Documents/C++ Dev/DDPG-Oligopolies-Simulator/Simulator/AKML-lib/GeneticAlgorithm.cpp */,
				748E925ED46E4518BD4B3A73 /* /Users/aldric-l/Documents/C++ Dev/DDPG-Oligopolies-Simulator/Simulator/AKML-lib/NeuralFunctions.cpp */,
				C65D281FC42044B29BCD46D5 /* /Users/aldric-l/Documents/C++ Dev/DDPG-Oligopolies-Simulator/Simulator/AKML-lib/NeuralNetwork.cpp */,
			);
			name = "Source Files";
			sourceTree = "<group>";
		};
		2BD7097DADE54CC294CD4965 /* AKML */ = {
			isa = PBXGroup;
			children = (
				9C641C5ABC894DA79C989164 /* Header Files */,
				256F70AE83CB4BD79E8ADB9A /* Source Files */,
				23DC05AAAADA4BB898007B86 /* /Users/aldric-l/Documents/C++ Dev/DDPG-Oligopolies-Simulator/Simulator/AKML-lib/CMakeLists.txt */,
			);
			name = AKML;
			sourceTree = "<group>";
		};
		2C4C7B3C0568485FBCE388A4 /* Products */ = {
			isa = PBXGroup;
			children = (
				62DADB51013A4B55AA25F973 /* AKML */,
				B4759A8AD9474768AE902AA0 /* AKML_AgentBasedUtilities */,
				612B8F5FC93C4FD498CA7BBF /* DDPG-Oligopolies-Simulator */,
			);
			name = Products;
			sourceTree = "<group>";
		};
		3B53AA40C4B94920A09C79BD /* Source Files */ = {
			isa = PBXGroup;
			children = (
				57B75C68FFC04F569ACAD4F1 /* /Users/aldric-l/Documents/C++ Dev/DDPG-Oligopolies-Simulator/Simulator/AKML-lib/AgentBasedUtilities/BaseAgent.cpp */,
			);
			name = "Source Files";
			sourceTree = "<group>";
		};
		55D45673387C4E37A2DE7C8E /* Header Files */ = {
			isa = PBXGroup;
			children = (
				57E1F597AEC344548C65F29E /* /Users/aldric-l/Documents/C++ Dev/DDPG-Oligopolies-Simulator/Simulator/LearningAgent.hpp */,
				D05EE096921E4583B048E7A7 /* /Users/aldric-l/Documents/C++ Dev/DDPG-Oligopolies-Simulator/Simulator/SimulationManager.hpp */,
			);
			name = "Header Files";
			sourceTree = "<group>";
		};
		68BC371AA93E44E28F0DF872 /* Header Files */ = {
			isa = PBXGroup;
			children = (
				B8275CB269B54BC18A2AA169 /* /Users/aldric-l/Documents/C++ Dev/DDPG-Oligopolies-Simulator/Simulator/AKML-lib/AgentBasedUtilities/BaseAgent.hpp */,
				ADBB9460C5DE49E6A6DD777B /* /Users/aldric-l/Documents/C++ Dev/DDPG-Oligopolies-Simulator/Simulator/AKML-lib/AgentBasedUtilities/CSV_Saver.hpp */,
				AC84A495B4A546BDBEF40275 /* /Users/aldric-l/Documents/C++ Dev/DDPG-Oligopolies-Simulator/Simulator/AKML-lib/AgentBasedUtilities/Save.hpp */,
			);
			name = "Header Files";
			sourceTree = "<group>";
		};
		6C1E5B56E5CA442BA7712FAE /* Source Files */ = {
			isa = PBXGroup;
			children = (
				DE4E983175DB44E38DD12A4E /* /Users/aldric-l/Documents/C++ Dev/DDPG-Oligopolies-Simulator/Simulator/LearningAgent.cpp */,
				77D080791F0A41FAAF719540 /* /Users/aldric-l/Documents/C++ Dev/DDPG-Oligopolies-Simulator/Simulator/SimulationManager.cpp */,
				077989D5A76C4BB48D467528 /* /Users/aldric-l/Documents/C++ Dev/DDPG-Oligopolies-Simulator/Simulator/main.cpp */,
			);
			name = "Source Files";
			sourceTree = "<group>";
		};
		754451CA0ABC451B990C5081 /* AKML_AgentBasedUtilities */ = {
			isa = PBXGroup;
			children = (
				68BC371AA93E44E28F0DF872 /* Header Files */,
				3B53AA40C4B94920A09C79BD /* Source Files */,
				87DFA124D80B4DC990AD33B0 /* /Users/aldric-l/Documents/C++ Dev/DDPG-Oligopolies-Simulator/Simulator/AKML-lib/AgentBasedUtilities/CMakeLists.txt */,
			);
			name = AKML_AgentBasedUtilities;
			sourceTree = "<group>";
		};
		81B50BC472054A238C9074CD /* DDPG-Oligopolies-Simulator */ = {
			isa = PBXGroup;
			children = (
				6C1E5B56E5CA442BA7712FAE /* Source Files */,
				55D45673387C4E37A2DE7C8E /* Header Files */,
				CBDED6D7FFCC49D185238865 /* /Users/aldric-l/Documents/C++ Dev/DDPG-Oligopolies-Simulator/CMakeLists.txt */,
			);
			name = "DDPG-Oligopolies-Simulator";
			sourceTree = "<group>";
		};
		9B0A690A8843460BB1CF951A /* ALL_BUILD */ = {
			isa = PBXGroup;
			children = (
				D08F78F356BD4292B75324B2 /* CMake Rules */,
				30EB15D0571F462EAFC16DE6 /* /Users/aldric-l/Documents/C++ Dev/DDPG-Oligopolies-Simulator/CMakeLists.txt */,
			);
			name = ALL_BUILD;
			sourceTree = "<group>";
		};
		9C641C5ABC894DA79C989164 /* Header Files */ = {
			isa = PBXGroup;
			children = (
				9749CF4BDEE640DAB073AB93 /* /Users/aldric-l/Documents/C++ Dev/DDPG-Oligopolies-Simulator/Simulator/AKML-lib/AKML.hpp */,
				EE7AF4B9ED58454691A388F9 /* /Users/aldric-l/Documents/C++ Dev/DDPG-Oligopolies-Simulator/Simulator/AKML-lib/GeneticAlgorithm.hpp */,
				FD18BC320823455091269381 /* /Users/aldric-l/Documents/C++ Dev/DDPG-Oligopolies-Simulator/Simulator/AKML-lib/Matrices.hpp */,
				5FA91B717F624DE686CB9B14 /* /Users/aldric-l/Documents/C++ Dev/DDPG-Oligopolies-Simulator/Simulator/AKML-lib/Matrices/DynamicMatrix.hpp */,
				E8188206D6EF411F85753403 /* /Users/aldric-l/Documents/C++ Dev/DDPG-Oligopolies-Simulator/Simulator/AKML-lib/Matrices/Matrix.hpp */,
				30A3697F8A6749FD8E954DAA /* /Users/aldric-l/Documents/C++ Dev/DDPG-Oligopolies-Simulator/Simulator/AKML-lib/Matrices/MatrixInterface.hpp */,
				918F9B4F38194585BBAB6482 /* /Users/aldric-l/Documents/C++ Dev/DDPG-Oligopolies-Simulator/Simulator/AKML-lib/Matrices/MatrixOperations.hpp */,
				24DC3E6170B142DF99D35DDC /* /Users/aldric-l/Documents/C++ Dev/DDPG-Oligopolies-Simulator/Simulator/AKML-lib/Matrices/StaticMatrix.hpp */,
				32F9D1DF035D4561BB2A8494 /* /Users/aldric-l/Documents/C++ Dev/DDPG-Oligopolies-Simulator/Simulator/AKML-lib/NeuralFunctions.hpp */,
				99BABBBC0B9240A882FBF7CE /* /Users/aldric-l/Documents/C++ Dev/DDPG-Oligopolies-Simulator/Simulator/AKML-lib/NeuralLayer.hpp */,
				FE714A18C67542B591E14674 /* /Users/aldric-l/Documents/C++ Dev/DDPG-Oligopolies-Simulator/Simulator/AKML-lib/NeuralNetwork.hpp */,
				6EE728E43958458597D1E720 /* /Users/aldric-l/Documents/C++ Dev/DDPG-Oligopolies-Simulator/Simulator/AKML-lib/StaticLoops.hpp */,
			);
			name = "Header Files";
			sourceTree = "<group>";
		};
		C5F8F9053553455988D1C4FD = {
			isa = PBXGroup;
			children = (
				81B50BC472054A238C9074CD /* DDPG-Oligopolies-Simulator */,
				9B0A690A8843460BB1CF951A /* ALL_BUILD */,
				2BD7097DADE54CC294CD4965 /* AKML */,
				754451CA0ABC451B990C5081 /* AKML_AgentBasedUtilities */,
				2C4C7B3C0568485FBCE388A4 /* Products */,
				EA7771FDF25447079E0CC698 /* Frameworks */,
			);
			sourceTree = "<group>";
		};
		D08F78F356BD4292B75324B2 /* CMake Rules */ = {
			isa = PBXGroup;
			children = (
			);
			name = "CMake Rules";
			sourceTree = "<group>";
		};
		EA7771FDF25447079E0CC698 /* Frameworks */ = {
			isa = PBXGroup;
			children = (
			);
			name = Frameworks;
			sourceTree = "<group>";
		};
/* End PBXGroup section */

/* Begin PBXNativeTarget section */
		9B1986F224D242BC83FE1603 /* AKML */ = {
			isa = PBXNativeTarget;
			buildConfigurationList = 847D471AC2C641B4817BD5EB /* Build configuration list for PBXNativeTarget "AKML" */;
			buildPhases = (
				5EEB97D289944AC0956C6CBA /* Sources */,
				279764BEFE904309841B7B6D /* Frameworks */,
			);
			buildRules = (
			);
			dependencies = (
				816856FFCA4E43D297F2D02D /* PBXTargetDependency */,
			);
			name = AKML;
			productName = AKML;
			productReference = 62DADB51013A4B55AA25F973 /* AKML */;
			productType = "com.apple.product-type.library.static";
		};
		E9D99C62F5EE4147A6D426E5 /* AKML_AgentBasedUtilities */ = {
			isa = PBXNativeTarget;
			buildConfigurationList = 5E6CA2B4F86C48BB8A4A2CD1 /* Build configuration list for PBXNativeTarget "AKML_AgentBasedUtilities" */;
			buildPhases = (
				DED4044FA80F4A4FA227086D /* Sources */,
				1D573007E35F4A76826F75B6 /* Frameworks */,
			);
			buildRules = (
			);
			dependencies = (
				18A855F9FC94403D84F95BE0 /* PBXTargetDependency */,
			);
			name = AKML_AgentBasedUtilities;
			productName = AKML_AgentBasedUtilities;
			productReference = B4759A8AD9474768AE902AA0 /* AKML_AgentBasedUtilities */;
			productType = "com.apple.product-type.library.static";
		};
		FFEB630067EA45B483A88109 /* DDPG-Oligopolies-Simulator */ = {
			isa = PBXNativeTarget;
			buildConfigurationList = C805B456D17640A098138CA4 /* Build configuration list for PBXNativeTarget "DDPG-Oligopolies-Simulator" */;
			buildPhases = (
				D6C8F113C36E4355BAD666D6 /* Sources */,
				1366BD1175FB43D98ED804D1 /* Frameworks */,
			);
			buildRules = (
			);
			dependencies = (
				70DFE5A2286D467592EABCD7 /* PBXTargetDependency */,
				C7BB760AF7F54142A16BBB81 /* PBXTargetDependency */,
			);
			name = "DDPG-Oligopolies-Simulator";
			productName = "DDPG-Oligopolies-Simulator";
			productReference = 612B8F5FC93C4FD498CA7BBF /* DDPG-Oligopolies-Simulator */;
			productType = "com.apple.product-type.tool";
		};
/* End PBXNativeTarget section */

/* Begin PBXProject section */
		068B78A1FFD04236878838E8 /* Project object */ = {
			isa = PBXProject;
			attributes = {
				BuildIndependentTargetsInParallel = YES;
				LastUpgradeCheck = 1520;
			};
			buildConfigurationList = 30EC206BFF384C13ABD0055A /* Build configuration list for PBXProject "DDPG-Oligopolies-Simulator" */;
			buildSettings = {
			};
			buildStyles = (
				7160D0B80C2B455C83495241 /* Debug */,
				F61F4C03F3C045D1B24A4251 /* Release */,
				C248362C164241CEA476A4C2 /* MinSizeRel */,
				5B575FEFE73D430AB372475C /* RelWithDebInfo */,
			);
			compatibilityVersion = "Xcode 3.2";
			hasScannedForEncodings = 0;
			mainGroup = C5F8F9053553455988D1C4FD;
			projectDirPath = .;
			projectRoot = "";
			targets = (
				A7E9E06C2519420FA3708D42 /* ALL_BUILD */,
				9B1986F224D242BC83FE1603 /* AKML */,
				E9D99C62F5EE4147A6D426E5 /* AKML_AgentBasedUtilities */,
				FFEB630067EA45B483A88109 /* DDPG-Oligopolies-Simulator */,
				F3B46E71ED9A4B6182139493 /* ZERO_CHECK */,
			);
		};
/* End PBXProject section */

/* Begin PBXShellScriptBuildPhase section */
		3C0110FC8322DE7E50886E21 = {
			isa = PBXShellScriptBuildPhase;
			buildActionMask = 2147483647;
			files = (
			);
			inputPaths = (
			);
			outputPaths = (
			);
			runOnlyForDeploymentPostprocessing = 0;
			shellPath = /bin/sh;
			shellScript = "# shell script goes here
exit 0";
			showEnvVarsInLog = 0;
		};
		9B50530E35CC49C82C2FACCF = {
			isa = PBXShellScriptBuildPhase;
			buildActionMask = 2147483647;
			files = (
			);
			inputPaths = (
			);
			outputPaths = (
			);
			runOnlyForDeploymentPostprocessing = 0;
			shellPath = /bin/sh;
			shellScript = "# shell script goes here
exit 0";
			showEnvVarsInLog = 0;
		};
		AF4854BBEA962F17040F113C /* Generate CMakeFiles/ALL_BUILD */ = {
			isa = PBXShellScriptBuildPhase;
			alwaysOutOfDate = 1;
			buildActionMask = 2147483647;
			files = (
			);
			inputPaths = (
			);
			name = "Generate CMakeFiles/ALL_BUILD";
			outputPaths = (
"/Users/aldric-l/Documents/C++ Dev/DDPG-Oligopolies-Simulator/CMakeFiles/ALL_BUILD"			);
			runOnlyForDeploymentPostprocessing = 0;
			shellPath = /bin/sh;
			shellScript = "set -e
if test \"$CONFIGURATION\" = \"Debug\"; then :
  cd \"/Users/aldric-l/Documents/C++ Dev/DDPG-Oligopolies-Simulator\"
  echo Build\\ all\\ projects
fi
if test \"$CONFIGURATION\" = \"Release\"; then :
  cd \"/Users/aldric-l/Documents/C++ Dev/DDPG-Oligopolies-Simulator\"
  echo Build\\ all\\ projects
fi
if test \"$CONFIGURATION\" = \"MinSizeRel\"; then :
  cd \"/Users/aldric-l/Documents/C++ Dev/DDPG-Oligopolies-Simulator\"
  echo Build\\ all\\ projects
fi
if test \"$CONFIGURATION\" = \"RelWithDebInfo\"; then :
  cd \"/Users/aldric-l/Documents/C++ Dev/DDPG-Oligopolies-Simulator\"
  echo Build\\ all\\ projects
fi
";
			showEnvVarsInLog = 0;
		};
		C4E9E16D998AB0DD71906992 /* Generate CMakeFiles/ZERO_CHECK */ = {
			isa = PBXShellScriptBuildPhase;
			alwaysOutOfDate = 1;
			buildActionMask = 2147483647;
			files = (
			);
			inputPaths = (
			);
			name = "Generate CMakeFiles/ZERO_CHECK";
			outputPaths = (
"/Users/aldric-l/Documents/C++ Dev/DDPG-Oligopolies-Simulator/CMakeFiles/ZERO_CHECK"			);
			runOnlyForDeploymentPostprocessing = 0;
			shellPath = /bin/sh;
			shellScript = "set -e
if test \"$CONFIGURATION\" = \"Debug\"; then :
  cd \"/Users/aldric-l/Documents/C++ Dev/DDPG-Oligopolies-Simulator\"
  make -f /Users/aldric-l/Documents/C++\\ Dev/DDPG-Oligopolies-Simulator/CMakeScripts/ReRunCMake.make
fi
if test \"$CONFIGURATION\" = \"Release\"; then :
  cd \"/Users/aldric-l/Documents/C++ Dev/DDPG-Oligopolies-Simulator\"
  make -f /Users/aldric-l/Documents/C++\\ Dev/DDPG-Oligopolies-Simulator/CMakeScripts/ReRunCMake.make
fi
if test \"$CONFIGURATION\" = \"MinSizeRel\"; then :
  cd \"/Users/aldric-l/Documents/C++ Dev/DDPG-Oligopolies-Simulator\"
  make -f /Users/aldric-l/Documents/C++\\ Dev/DDPG-Oligopolies-Simulator/CMakeScripts/ReRunCMake.make
fi
if test \"$CONFIGURATION\" = \"RelWithDebInfo\"; then :
  cd \"/Users/aldric-l/Documents/C++ Dev/DDPG-Oligopolies-Simulator\"
  make -f /Users/aldric-l/Documents/C++\\ Dev/DDPG-Oligopolies-Simulator/CMakeScripts/ReRunCMake.make
fi
";
			showEnvVarsInLog = 0;
		};
/* End PBXShellScriptBuildPhase section */

/* Begin PBXSourcesBuildPhase section */
		5EEB97D289944AC0956C6CBA /* Sources */ = {
			isa = PBXSourcesBuildPhase;
			buildActionMask = 2147483647;
			files = (
				60EF5369CB844C67AF40E42A /* /Users/aldric-l/Documents/C++ Dev/DDPG-Oligopolies-Simulator/Simulator/AKML-lib/GeneticAlgorithm.cpp */,
				EE3FA3D2B86E4EC2B307BC41 /* /Users/aldric-l/Documents/C++ Dev/DDPG-Oligopolies-Simulator/Simulator/AKML-lib/NeuralFunctions.cpp */,
				53557EB1DF0E467E8AFFFBC3 /* /Users/aldric-l/Documents/C++ Dev/DDPG-Oligopolies-Simulator/Simulator/AKML-lib/NeuralNetwork.cpp */,
			);
			runOnlyForDeploymentPostprocessing = 0;
		};
		D6C8F113C36E4355BAD666D6 /* Sources */ = {
			isa = PBXSourcesBuildPhase;
			buildActionMask = 2147483647;
			files = (
				A125567347294CC7A6D949C3 /* /Users/aldric-l/Documents/C++ Dev/DDPG-Oligopolies-Simulator/Simulator/LearningAgent.cpp */,
				17936D64921F45D3837F1210 /* /Users/aldric-l/Documents/C++ Dev/DDPG-Oligopolies-Simulator/Simulator/SimulationManager.cpp */,
				4F0974F7F4084F91A2615FBF /* /Users/aldric-l/Documents/C++ Dev/DDPG-Oligopolies-Simulator/Simulator/main.cpp */,
			);
			runOnlyForDeploymentPostprocessing = 0;
		};
		DED4044FA80F4A4FA227086D /* Sources */ = {
			isa = PBXSourcesBuildPhase;
			buildActionMask = 2147483647;
			files = (
				8684FDFA99A04630B954EBE1 /* /Users/aldric-l/Documents/C++ Dev/DDPG-Oligopolies-Simulator/Simulator/AKML-lib/AgentBasedUtilities/BaseAgent.cpp */,
			);
			runOnlyForDeploymentPostprocessing = 0;
		};
/* End PBXSourcesBuildPhase section */

/* Begin PBXTargetDependency section */
		18A855F9FC94403D84F95BE0 /* PBXTargetDependency */ = {
			isa = PBXTargetDependency;
			target = F3B46E71ED9A4B6182139493 /* ZERO_CHECK */;
			targetProxy = 6414D90A299B4820A7034344 /* PBXContainerItemProxy */;
		};
		5CFA5E032F3A4883AF659F5C /* PBXTargetDependency */ = {
			isa = PBXTargetDependency;
			target = E9D99C62F5EE4147A6D426E5 /* AKML_AgentBasedUtilities */;
			targetProxy = B3C724AB5F2D4C00B12252B7 /* PBXContainerItemProxy */;
		};
		70DFE5A2286D467592EABCD7 /* PBXTargetDependency */ = {
			isa = PBXTargetDependency;
			target = 9B1986F224D242BC83FE1603 /* AKML */;
			targetProxy = 7146CE270A084F21A3BAA20A /* PBXContainerItemProxy */;
		};
		816856FFCA4E43D297F2D02D /* PBXTargetDependency */ = {
			isa = PBXTargetDependency;
			target = F3B46E71ED9A4B6182139493 /* ZERO_CHECK */;
			targetProxy = 7CC8D34644F04F0EB501C203 /* PBXContainerItemProxy */;
		};
		99232990292C493CA549D9A0 /* PBXTargetDependency */ = {
			isa = PBXTargetDependency;
			target = 9B1986F224D242BC83FE1603 /* AKML */;
			targetProxy = 873444E8DBD3490593926412 /* PBXContainerItemProxy */;
		};
		A93E6F02BC4341A6B6E8DFAB /* PBXTargetDependency */ = {
			isa = PBXTargetDependency;
			target = F3B46E71ED9A4B6182139493 /* ZERO_CHECK */;
			targetProxy = 18C182C6CBF644B3A83A2D06 /* PBXContainerItemProxy */;
		};
		C5BFA1B99EE3490182C7D032 /* PBXTargetDependency */ = {
			isa = PBXTargetDependency;
			target = FFEB630067EA45B483A88109 /* DDPG-Oligopolies-Simulator */;
			targetProxy = F114AB7A512047FB9DE3C23B /* PBXContainerItemProxy */;
		};
		C7BB760AF7F54142A16BBB81 /* PBXTargetDependency */ = {
			isa = PBXTargetDependency;
			target = F3B46E71ED9A4B6182139493 /* ZERO_CHECK */;
			targetProxy = DCC8843E5ECC4916859CD9F3 /* PBXContainerItemProxy */;
		};
/* End PBXTargetDependency section */

/* Begin XCBuildConfiguration section */
		05C4DAF8D834496985993875 /* MinSizeRel */ = {
			isa = XCBuildConfiguration;
			buildSettings = {
				ALWAYS_SEARCH_USER_PATHS = NO;
				ARCHS = arm64;
				COMBINE_HIDPI_IMAGES = YES;
				CONFIGURATION_BUILD_DIR = "/Users/aldric-l/Documents/C++ Dev/DDPG-Oligopolies-Simulator/Simulator/AKML-lib/AgentBasedUtilities/MinSizeRel";
				EXECUTABLE_PREFIX = lib;
				EXECUTABLE_SUFFIX = .a;
				GCC_GENERATE_DEBUGGING_SYMBOLS = NO;
				GCC_INLINES_ARE_PRIVATE_EXTERN = NO;
				GCC_OPTIMIZATION_LEVEL = s;
				GCC_PREPROCESSOR_DEFINITIONS = ("'CMAKE_INTDIR=\"$(CONFIGURATION)$(EFFECTIVE_PLATFORM_NAME)\"'","$(inherited)");
				GCC_SYMBOLS_PRIVATE_EXTERN = NO;
				HEADER_SEARCH_PATHS = ("\"/Users/aldric-l/Documents/C++ Dev/DDPG-Oligopolies-Simulator/Simulator\"","\"/Users/aldric-l/Documents/C++ Dev/DDPG-Oligopolies-Simulator/AKML-lib\"","$(inherited)");
				INSTALL_PATH = "";
				LIBRARY_STYLE = STATIC;
				ONLY_ACTIVE_ARCH = NO;
				OTHER_CPLUSPLUSFLAGS = " -std=c++20         -DNDEBUG '-std=gnu++20' ";
				OTHER_LIBTOOLFLAGS = ("");
				OTHER_REZFLAGS = "";
				PRODUCT_NAME = AKML_AgentBasedUtilities;
				SECTORDER_FLAGS = "";
				TARGET_TEMP_DIR = "/Users/aldric-l/Documents/C++ Dev/DDPG-Oligopolies-Simulator/build/AKML_AgentBasedUtilities.build/$(CONFIGURATION)$(EFFECTIVE_PLATFORM_NAME)";
				USE_HEADERMAP = NO;
				WARNING_CFLAGS = ("$(inherited)");
			};
			name = MinSizeRel;
		};
		24817F80AC28491B9CCA94D0 /* Release */ = {
			isa = XCBuildConfiguration;
			buildSettings = {
				ARCHS = arm64;
				SDKROOT = /Applications/Xcode.app/Contents/Developer/Platforms/MacOSX.platform/Developer/SDKs/MacOSX14.2.sdk;
				SWIFT_COMPILATION_MODE = wholemodule;
				SYMROOT = "/Users/aldric-l/Documents/C++ Dev/DDPG-Oligopolies-Simulator/build";
			};
			name = Release;
		};
		2C0D813373004CC0836859E5 /* Release */ = {
			isa = XCBuildConfiguration;
			buildSettings = {
				ALWAYS_SEARCH_USER_PATHS = NO;
				ARCHS = arm64;
				COMBINE_HIDPI_IMAGES = YES;
				GCC_GENERATE_DEBUGGING_SYMBOLS = YES;
				GCC_INLINES_ARE_PRIVATE_EXTERN = NO;
				GCC_OPTIMIZATION_LEVEL = 0;
				GCC_PREPROCESSOR_DEFINITIONS = ("'CMAKE_INTDIR=\"$(CONFIGURATION)$(EFFECTIVE_PLATFORM_NAME)\"'","$(inherited)");
				GCC_SYMBOLS_PRIVATE_EXTERN = NO;
				INSTALL_PATH = "";
				ONLY_ACTIVE_ARCH = NO;
				OTHER_LDFLAGS = ("","$(inherited)");
				OTHER_REZFLAGS = "";
				PRODUCT_NAME = ALL_BUILD;
				SECTORDER_FLAGS = "";
				USE_HEADERMAP = NO;
				WARNING_CFLAGS = ("$(inherited)");
			};
			name = Release;
		};
		34087A9F1A084AE2A14A3DFA /* Debug */ = {
			isa = XCBuildConfiguration;
			buildSettings = {
				ALWAYS_SEARCH_USER_PATHS = NO;
				ARCHS = arm64;
				COMBINE_HIDPI_IMAGES = YES;
				CONFIGURATION_BUILD_DIR = "/Users/aldric-l/Documents/C++ Dev/DDPG-Oligopolies-Simulator/Simulator/AKML-lib/Debug";
				EXECUTABLE_PREFIX = lib;
				EXECUTABLE_SUFFIX = .a;
				GCC_GENERATE_DEBUGGING_SYMBOLS = YES;
				GCC_INLINES_ARE_PRIVATE_EXTERN = NO;
				GCC_OPTIMIZATION_LEVEL = 3;
				GCC_PREPROCESSOR_DEFINITIONS = ("'CMAKE_INTDIR=\"$(CONFIGURATION)$(EFFECTIVE_PLATFORM_NAME)\"'","$(inherited)");
				GCC_SYMBOLS_PRIVATE_EXTERN = NO;
				HEADER_SEARCH_PATHS = ("\"/Users/aldric-l/Documents/C++ Dev/DDPG-Oligopolies-Simulator/Simulator\"","\"/Users/aldric-l/Documents/C++ Dev/DDPG-Oligopolies-Simulator/AKML-lib\"","$(inherited)");
				INSTALL_PATH = "";
				LIBRARY_STYLE = STATIC;
				ONLY_ACTIVE_ARCH = NO;
				OTHER_CPLUSPLUSFLAGS = " -std=c++20        '-std=gnu++20' ";
				OTHER_LIBTOOLFLAGS = ("");
				OTHER_REZFLAGS = "";
				PRODUCT_NAME = AKML;
				SECTORDER_FLAGS = "";
				TARGET_TEMP_DIR = "/Users/aldric-l/Documents/C++ Dev/DDPG-Oligopolies-Simulator/build/AKML.build/$(CONFIGURATION)$(EFFECTIVE_PLATFORM_NAME)";
				USE_HEADERMAP = NO;
				WARNING_CFLAGS = ("$(inherited)");
			};
			name = Debug;
		};
		378305FB7E0E4D1AB91D5307 /* RelWithDebInfo */ = {
			isa = XCBuildConfiguration;
			buildSettings = {
				ALWAYS_SEARCH_USER_PATHS = NO;
				ARCHS = arm64;
				COMBINE_HIDPI_IMAGES = YES;
				GCC_GENERATE_DEBUGGING_SYMBOLS = YES;
				GCC_INLINES_ARE_PRIVATE_EXTERN = NO;
				GCC_OPTIMIZATION_LEVEL = 0;
				GCC_PREPROCESSOR_DEFINITIONS = ("'CMAKE_INTDIR=\"$(CONFIGURATION)$(EFFECTIVE_PLATFORM_NAME)\"'","$(inherited)");
				GCC_SYMBOLS_PRIVATE_EXTERN = NO;
				INSTALL_PATH = "";
				ONLY_ACTIVE_ARCH = NO;
				OTHER_LDFLAGS = ("","$(inherited)");
				OTHER_REZFLAGS = "";
				PRODUCT_NAME = ALL_BUILD;
				SECTORDER_FLAGS = "";
				USE_HEADERMAP = NO;
				WARNING_CFLAGS = ("$(inherited)");
			};
			name = RelWithDebInfo;
		};
		4EB7F9085B32404BB3A14104 /* Debug */ = {
			isa = XCBuildConfiguration;
			buildSettings = {
				ALWAYS_SEARCH_USER_PATHS = NO;
				ARCHS = arm64;
				COMBINE_HIDPI_IMAGES = YES;
				CONFIGURATION_BUILD_DIR = "/Users/aldric-l/Documents/C++ Dev/DDPG-Oligopolies-Simulator/Debug";
				EXECUTABLE_PREFIX = "";
				EXECUTABLE_SUFFIX = "";
				GCC_GENERATE_DEBUGGING_SYMBOLS = YES;
				GCC_INLINES_ARE_PRIVATE_EXTERN = NO;
				GCC_OPTIMIZATION_LEVEL = 3;
				GCC_PREPROCESSOR_DEFINITIONS = ("'CMAKE_INTDIR=\"$(CONFIGURATION)$(EFFECTIVE_PLATFORM_NAME)\"'","$(inherited)");
				GCC_SYMBOLS_PRIVATE_EXTERN = NO;
				HEADER_SEARCH_PATHS = ("\"/Users/aldric-l/Documents/C++ Dev/DDPG-Oligopolies-Simulator/Simulator\"","\"/Users/aldric-l/Documents/C++ Dev/DDPG-Oligopolies-Simulator/Simulator/AKML-lib\"","$(inherited)");
				INSTALL_PATH = "";
				ONLY_ACTIVE_ARCH = NO;
				OTHER_CPLUSPLUSFLAGS = " -std=c++20        '-std=gnu++20' ";
				OTHER_LDFLAGS = (" -Wl,-search_paths_first -Wl,-headerpad_max_install_names","\"/Users/aldric-l/Documents/C++ Dev/DDPG-Oligopolies-Simulator/Simulator/AKML-lib/Debug/libAKML.a\"","$(inherited)");
				OTHER_REZFLAGS = "";
				PRODUCT_NAME = "DDPG-Oligopolies-Simulator";
				SECTORDER_FLAGS = "";
				TARGET_TEMP_DIR = "/Users/aldric-l/Documents/C++ Dev/DDPG-Oligopolies-Simulator/build/DDPG-Oligopolies-Simulator.build/$(CONFIGURATION)$(EFFECTIVE_PLATFORM_NAME)";
				USE_HEADERMAP = NO;
				WARNING_CFLAGS = ("$(inherited)");
			};
			name = Debug;
		};
		4ECD60D63E5D439A80011E21 /* MinSizeRel */ = {
			isa = XCBuildConfiguration;
			buildSettings = {
				ALWAYS_SEARCH_USER_PATHS = NO;
				ARCHS = arm64;
				COMBINE_HIDPI_IMAGES = YES;
				GCC_GENERATE_DEBUGGING_SYMBOLS = YES;
				GCC_INLINES_ARE_PRIVATE_EXTERN = NO;
				GCC_OPTIMIZATION_LEVEL = 0;
				GCC_PREPROCESSOR_DEFINITIONS = ("'CMAKE_INTDIR=\"$(CONFIGURATION)$(EFFECTIVE_PLATFORM_NAME)\"'","$(inherited)");
				GCC_SYMBOLS_PRIVATE_EXTERN = NO;
				INSTALL_PATH = "";
				ONLY_ACTIVE_ARCH = NO;
				OTHER_LDFLAGS = ("","$(inherited)");
				OTHER_REZFLAGS = "";
				PRODUCT_NAME = ALL_BUILD;
				SECTORDER_FLAGS = "";
				USE_HEADERMAP = NO;
				WARNING_CFLAGS = ("$(inherited)");
			};
			name = MinSizeRel;
		};
		55B4FE7E0DDC43B3BCA83BD9 /* RelWithDebInfo */ = {
			isa = XCBuildConfiguration;
			buildSettings = {
				ALWAYS_SEARCH_USER_PATHS = NO;
				ARCHS = arm64;
				COMBINE_HIDPI_IMAGES = YES;
				CONFIGURATION_BUILD_DIR = "/Users/aldric-l/Documents/C++ Dev/DDPG-Oligopolies-Simulator/Simulator/AKML-lib/RelWithDebInfo";
				EXECUTABLE_PREFIX = lib;
				EXECUTABLE_SUFFIX = .a;
				GCC_GENERATE_DEBUGGING_SYMBOLS = YES;
				GCC_INLINES_ARE_PRIVATE_EXTERN = NO;
				GCC_OPTIMIZATION_LEVEL = 2;
				GCC_PREPROCESSOR_DEFINITIONS = ("'CMAKE_INTDIR=\"$(CONFIGURATION)$(EFFECTIVE_PLATFORM_NAME)\"'","$(inherited)");
				GCC_SYMBOLS_PRIVATE_EXTERN = NO;
				HEADER_SEARCH_PATHS = ("\"/Users/aldric-l/Documents/C++ Dev/DDPG-Oligopolies-Simulator/Simulator\"","\"/Users/aldric-l/Documents/C++ Dev/DDPG-Oligopolies-Simulator/AKML-lib\"","$(inherited)");
				INSTALL_PATH = "";
				LIBRARY_STYLE = STATIC;
				ONLY_ACTIVE_ARCH = NO;
				OTHER_CPLUSPLUSFLAGS = " -std=c++20            -DNDEBUG '-std=gnu++20' ";
				OTHER_LIBTOOLFLAGS = ("");
				OTHER_REZFLAGS = "";
				PRODUCT_NAME = AKML;
				SECTORDER_FLAGS = "";
				TARGET_TEMP_DIR = "/Users/aldric-l/Documents/C++ Dev/DDPG-Oligopolies-Simulator/build/AKML.build/$(CONFIGURATION)$(EFFECTIVE_PLATFORM_NAME)";
				USE_HEADERMAP = NO;
				WARNING_CFLAGS = ("$(inherited)");
			};
			name = RelWithDebInfo;
		};
		59D905A9F6DB40AA97E8687E /* Release */ = {
			isa = XCBuildConfiguration;
			buildSettings = {
				ALWAYS_SEARCH_USER_PATHS = NO;
				ARCHS = arm64;
				COMBINE_HIDPI_IMAGES = YES;
				CONFIGURATION_BUILD_DIR = "/Users/aldric-l/Documents/C++ Dev/DDPG-Oligopolies-Simulator/Release";
				EXECUTABLE_PREFIX = "";
				EXECUTABLE_SUFFIX = "";
				GCC_GENERATE_DEBUGGING_SYMBOLS = NO;
				GCC_INLINES_ARE_PRIVATE_EXTERN = NO;
				GCC_OPTIMIZATION_LEVEL = 3;
				GCC_PREPROCESSOR_DEFINITIONS = ("'CMAKE_INTDIR=\"$(CONFIGURATION)$(EFFECTIVE_PLATFORM_NAME)\"'","$(inherited)");
				GCC_SYMBOLS_PRIVATE_EXTERN = NO;
				HEADER_SEARCH_PATHS = ("\"/Users/aldric-l/Documents/C++ Dev/DDPG-Oligopolies-Simulator/Simulator\"","\"/Users/aldric-l/Documents/C++ Dev/DDPG-Oligopolies-Simulator/Simulator/AKML-lib\"","$(inherited)");
				INSTALL_PATH = "";
				ONLY_ACTIVE_ARCH = NO;
				OTHER_CPLUSPLUSFLAGS = " -std=c++20         -DNDEBUG '-std=gnu++20' ";
				OTHER_LDFLAGS = (" -Wl,-search_paths_first -Wl,-headerpad_max_install_names","\"/Users/aldric-l/Documents/C++ Dev/DDPG-Oligopolies-Simulator/Simulator/AKML-lib/Release/libAKML.a\"","$(inherited)");
				OTHER_REZFLAGS = "";
				PRODUCT_NAME = "DDPG-Oligopolies-Simulator";
				SECTORDER_FLAGS = "";
				TARGET_TEMP_DIR = "/Users/aldric-l/Documents/C++ Dev/DDPG-Oligopolies-Simulator/build/DDPG-Oligopolies-Simulator.build/$(CONFIGURATION)$(EFFECTIVE_PLATFORM_NAME)";
				USE_HEADERMAP = NO;
				WARNING_CFLAGS = ("$(inherited)");
			};
			name = Release;
		};
		75DECB21539847B0ABB384FD /* MinSizeRel */ = {
			isa = XCBuildConfiguration;
			buildSettings = {
				ALWAYS_SEARCH_USER_PATHS = NO;
				ARCHS = arm64;
				COMBINE_HIDPI_IMAGES = YES;
				CONFIGURATION_BUILD_DIR = "/Users/aldric-l/Documents/C++ Dev/DDPG-Oligopolies-Simulator/Simulator/AKML-lib/MinSizeRel";
				EXECUTABLE_PREFIX = lib;
				EXECUTABLE_SUFFIX = .a;
				GCC_GENERATE_DEBUGGING_SYMBOLS = NO;
				GCC_INLINES_ARE_PRIVATE_EXTERN = NO;
				GCC_OPTIMIZATION_LEVEL = s;
				GCC_PREPROCESSOR_DEFINITIONS = ("'CMAKE_INTDIR=\"$(CONFIGURATION)$(EFFECTIVE_PLATFORM_NAME)\"'","$(inherited)");
				GCC_SYMBOLS_PRIVATE_EXTERN = NO;
				HEADER_SEARCH_PATHS = ("\"/Users/aldric-l/Documents/C++ Dev/DDPG-Oligopolies-Simulator/Simulator\"","\"/Users/aldric-l/Documents/C++ Dev/DDPG-Oligopolies-Simulator/AKML-lib\"","$(inherited)");
				INSTALL_PATH = "";
				LIBRARY_STYLE = STATIC;
				ONLY_ACTIVE_ARCH = NO;
				OTHER_CPLUSPLUSFLAGS = " -std=c++20         -DNDEBUG '-std=gnu++20' ";
				OTHER_LIBTOOLFLAGS = ("");
				OTHER_REZFLAGS = "";
				PRODUCT_NAME = AKML;
				SECTORDER_FLAGS = "";
				TARGET_TEMP_DIR = "/Users/aldric-l/Documents/C++ Dev/DDPG-Oligopolies-Simulator/build/AKML.build/$(CONFIGURATION)$(EFFECTIVE_PLATFORM_NAME)";
				USE_HEADERMAP = NO;
				WARNING_CFLAGS = ("$(inherited)");
			};
			name = MinSizeRel;
		};
		7817D4A1C2514CFF99877A80 /* RelWithDebInfo */ = {
			isa = XCBuildConfiguration;
			buildSettings = {
				ALWAYS_SEARCH_USER_PATHS = NO;
				ARCHS = arm64;
				COMBINE_HIDPI_IMAGES = YES;
				CONFIGURATION_BUILD_DIR = "/Users/aldric-l/Documents/C++ Dev/DDPG-Oligopolies-Simulator/RelWithDebInfo";
				EXECUTABLE_PREFIX = "";
				EXECUTABLE_SUFFIX = "";
				GCC_GENERATE_DEBUGGING_SYMBOLS = YES;
				GCC_INLINES_ARE_PRIVATE_EXTERN = NO;
				GCC_OPTIMIZATION_LEVEL = 2;
				GCC_PREPROCESSOR_DEFINITIONS = ("'CMAKE_INTDIR=\"$(CONFIGURATION)$(EFFECTIVE_PLATFORM_NAME)\"'","$(inherited)");
				GCC_SYMBOLS_PRIVATE_EXTERN = NO;
				HEADER_SEARCH_PATHS = ("\"/Users/aldric-l/Documents/C++ Dev/DDPG-Oligopolies-Simulator/Simulator\"","\"/Users/aldric-l/Documents/C++ Dev/DDPG-Oligopolies-Simulator/Simulator/AKML-lib\"","$(inherited)");
				INSTALL_PATH = "";
				ONLY_ACTIVE_ARCH = NO;
				OTHER_CPLUSPLUSFLAGS = " -std=c++20            -DNDEBUG '-std=gnu++20' ";
				OTHER_LDFLAGS = (" -Wl,-search_paths_first -Wl,-headerpad_max_install_names","\"/Users/aldric-l/Documents/C++ Dev/DDPG-Oligopolies-Simulator/Simulator/AKML-lib/RelWithDebInfo/libAKML.a\"","$(inherited)");
				OTHER_REZFLAGS = "";
				PRODUCT_NAME = "DDPG-Oligopolies-Simulator";
				SECTORDER_FLAGS = "";
				TARGET_TEMP_DIR = "/Users/aldric-l/Documents/C++ Dev/DDPG-Oligopolies-Simulator/build/DDPG-Oligopolies-Simulator.build/$(CONFIGURATION)$(EFFECTIVE_PLATFORM_NAME)";
				USE_HEADERMAP = NO;
				WARNING_CFLAGS = ("$(inherited)");
			};
			name = RelWithDebInfo;
		};
		8021579183EF44D8A9FAE933 /* Debug */ = {
			isa = XCBuildConfiguration;
			buildSettings = {
				ALWAYS_SEARCH_USER_PATHS = NO;
				ARCHS = arm64;
				COMBINE_HIDPI_IMAGES = YES;
				GCC_GENERATE_DEBUGGING_SYMBOLS = YES;
				GCC_INLINES_ARE_PRIVATE_EXTERN = NO;
				GCC_OPTIMIZATION_LEVEL = 0;
				GCC_PREPROCESSOR_DEFINITIONS = ("'CMAKE_INTDIR=\"$(CONFIGURATION)$(EFFECTIVE_PLATFORM_NAME)\"'","$(inherited)");
				GCC_SYMBOLS_PRIVATE_EXTERN = NO;
				INSTALL_PATH = "";
				ONLY_ACTIVE_ARCH = NO;
				OTHER_LDFLAGS = ("","$(inherited)");
				OTHER_REZFLAGS = "";
				PRODUCT_NAME = ALL_BUILD;
				SECTORDER_FLAGS = "";
				USE_HEADERMAP = NO;
				WARNING_CFLAGS = ("$(inherited)");
			};
			name = Debug;
		};
		8136F99387384B1E979A7DF6 /* Debug */ = {
			isa = XCBuildConfiguration;
			buildSettings = {
				ARCHS = arm64;
				SDKROOT = /Applications/Xcode.app/Contents/Developer/Platforms/MacOSX.platform/Developer/SDKs/MacOSX14.2.sdk;
				SYMROOT = "/Users/aldric-l/Documents/C++ Dev/DDPG-Oligopolies-Simulator/build";
			};
			name = Debug;
		};
		82BB6978AFE84412820E77CC /* RelWithDebInfo */ = {
			isa = XCBuildConfiguration;
			buildSettings = {
				ARCHS = arm64;
				SDKROOT = /Applications/Xcode.app/Contents/Developer/Platforms/MacOSX.platform/Developer/SDKs/MacOSX14.2.sdk;
				SWIFT_COMPILATION_MODE = wholemodule;
				SYMROOT = "/Users/aldric-l/Documents/C++ Dev/DDPG-Oligopolies-Simulator/build";
			};
			name = RelWithDebInfo;
		};
		981DC8AE9C44498A93C9DA79 /* Debug */ = {
			isa = XCBuildConfiguration;
			buildSettings = {
				ALWAYS_SEARCH_USER_PATHS = NO;
				ARCHS = arm64;
				COMBINE_HIDPI_IMAGES = YES;
				CONFIGURATION_BUILD_DIR = "/Users/aldric-l/Documents/C++ Dev/DDPG-Oligopolies-Simulator/Simulator/AKML-lib/AgentBasedUtilities/Debug";
				EXECUTABLE_PREFIX = lib;
				EXECUTABLE_SUFFIX = .a;
				GCC_GENERATE_DEBUGGING_SYMBOLS = YES;
				GCC_INLINES_ARE_PRIVATE_EXTERN = NO;
				GCC_OPTIMIZATION_LEVEL = 3;
				GCC_PREPROCESSOR_DEFINITIONS = ("'CMAKE_INTDIR=\"$(CONFIGURATION)$(EFFECTIVE_PLATFORM_NAME)\"'","$(inherited)");
				GCC_SYMBOLS_PRIVATE_EXTERN = NO;
				HEADER_SEARCH_PATHS = ("\"/Users/aldric-l/Documents/C++ Dev/DDPG-Oligopolies-Simulator/Simulator\"","\"/Users/aldric-l/Documents/C++ Dev/DDPG-Oligopolies-Simulator/AKML-lib\"","$(inherited)");
				INSTALL_PATH = "";
				LIBRARY_STYLE = STATIC;
				ONLY_ACTIVE_ARCH = NO;
				OTHER_CPLUSPLUSFLAGS = " -std=c++20        '-std=gnu++20' ";
				OTHER_LIBTOOLFLAGS = ("");
				OTHER_REZFLAGS = "";
				PRODUCT_NAME = AKML_AgentBasedUtilities;
				SECTORDER_FLAGS = "";
				TARGET_TEMP_DIR = "/Users/aldric-l/Documents/C++ Dev/DDPG-Oligopolies-Simulator/build/AKML_AgentBasedUtilities.build/$(CONFIGURATION)$(EFFECTIVE_PLATFORM_NAME)";
				USE_HEADERMAP = NO;
				WARNING_CFLAGS = ("$(inherited)");
			};
			name = Debug;
		};
		9A9581BAE377494A8F77EDD6 /* Debug */ = {
			isa = XCBuildConfiguration;
			buildSettings = {
				ALWAYS_SEARCH_USER_PATHS = NO;
				ARCHS = arm64;
				COMBINE_HIDPI_IMAGES = YES;
				GCC_GENERATE_DEBUGGING_SYMBOLS = YES;
				GCC_INLINES_ARE_PRIVATE_EXTERN = NO;
				GCC_OPTIMIZATION_LEVEL = 0;
				GCC_PREPROCESSOR_DEFINITIONS = ("'CMAKE_INTDIR=\"$(CONFIGURATION)$(EFFECTIVE_PLATFORM_NAME)\"'","$(inherited)");
				GCC_SYMBOLS_PRIVATE_EXTERN = NO;
				INSTALL_PATH = "";
				ONLY_ACTIVE_ARCH = NO;
				OTHER_LDFLAGS = ("","$(inherited)");
				OTHER_REZFLAGS = "";
				PRODUCT_NAME = ZERO_CHECK;
				SECTORDER_FLAGS = "";
				USE_HEADERMAP = NO;
				WARNING_CFLAGS = ("$(inherited)");
			};
			name = Debug;
		};
		A39475D99B504CF9AF734A1E /* MinSizeRel */ = {
			isa = XCBuildConfiguration;
			buildSettings = {
				ALWAYS_SEARCH_USER_PATHS = NO;
				ARCHS = arm64;
				COMBINE_HIDPI_IMAGES = YES;
				CONFIGURATION_BUILD_DIR = "/Users/aldric-l/Documents/C++ Dev/DDPG-Oligopolies-Simulator/MinSizeRel";
				EXECUTABLE_PREFIX = "";
				EXECUTABLE_SUFFIX = "";
				GCC_GENERATE_DEBUGGING_SYMBOLS = NO;
				GCC_INLINES_ARE_PRIVATE_EXTERN = NO;
				GCC_OPTIMIZATION_LEVEL = s;
				GCC_PREPROCESSOR_DEFINITIONS = ("'CMAKE_INTDIR=\"$(CONFIGURATION)$(EFFECTIVE_PLATFORM_NAME)\"'","$(inherited)");
				GCC_SYMBOLS_PRIVATE_EXTERN = NO;
				HEADER_SEARCH_PATHS = ("\"/Users/aldric-l/Documents/C++ Dev/DDPG-Oligopolies-Simulator/Simulator\"","\"/Users/aldric-l/Documents/C++ Dev/DDPG-Oligopolies-Simulator/Simulator/AKML-lib\"","$(inherited)");
				INSTALL_PATH = "";
				ONLY_ACTIVE_ARCH = NO;
				OTHER_CPLUSPLUSFLAGS = " -std=c++20         -DNDEBUG '-std=gnu++20' ";
				OTHER_LDFLAGS = (" -Wl,-search_paths_first -Wl,-headerpad_max_install_names","\"/Users/aldric-l/Documents/C++ Dev/DDPG-Oligopolies-Simulator/Simulator/AKML-lib/MinSizeRel/libAKML.a\"","$(inherited)");
				OTHER_REZFLAGS = "";
				PRODUCT_NAME = "DDPG-Oligopolies-Simulator";
				SECTORDER_FLAGS = "";
				TARGET_TEMP_DIR = "/Users/aldric-l/Documents/C++ Dev/DDPG-Oligopolies-Simulator/build/DDPG-Oligopolies-Simulator.build/$(CONFIGURATION)$(EFFECTIVE_PLATFORM_NAME)";
				USE_HEADERMAP = NO;
				WARNING_CFLAGS = ("$(inherited)");
			};
			name = MinSizeRel;
		};
		A47C6CDA599048358113714E /* MinSizeRel */ = {
			isa = XCBuildConfiguration;
			buildSettings = {
				ALWAYS_SEARCH_USER_PATHS = NO;
				ARCHS = arm64;
				COMBINE_HIDPI_IMAGES = YES;
				GCC_GENERATE_DEBUGGING_SYMBOLS = YES;
				GCC_INLINES_ARE_PRIVATE_EXTERN = NO;
				GCC_OPTIMIZATION_LEVEL = 0;
				GCC_PREPROCESSOR_DEFINITIONS = ("'CMAKE_INTDIR=\"$(CONFIGURATION)$(EFFECTIVE_PLATFORM_NAME)\"'","$(inherited)");
				GCC_SYMBOLS_PRIVATE_EXTERN = NO;
				INSTALL_PATH = "";
				ONLY_ACTIVE_ARCH = NO;
				OTHER_LDFLAGS = ("","$(inherited)");
				OTHER_REZFLAGS = "";
				PRODUCT_NAME = ZERO_CHECK;
				SECTORDER_FLAGS = "";
				USE_HEADERMAP = NO;
				WARNING_CFLAGS = ("$(inherited)");
			};
			name = MinSizeRel;
		};
		C7377F428EC94D868B71E5C1 /* MinSizeRel */ = {
			isa = XCBuildConfiguration;
			buildSettings = {
				ARCHS = arm64;
				SDKROOT = /Applications/Xcode.app/Contents/Developer/Platforms/MacOSX.platform/Developer/SDKs/MacOSX14.2.sdk;
				SWIFT_COMPILATION_MODE = wholemodule;
				SYMROOT = "/Users/aldric-l/Documents/C++ Dev/DDPG-Oligopolies-Simulator/build";
			};
			name = MinSizeRel;
		};
		C8ED729EF93A4E3B9ACFEA4D /* Release */ = {
			isa = XCBuildConfiguration;
			buildSettings = {
				ALWAYS_SEARCH_USER_PATHS = NO;
				ARCHS = arm64;
				COMBINE_HIDPI_IMAGES = YES;
				GCC_GENERATE_DEBUGGING_SYMBOLS = YES;
				GCC_INLINES_ARE_PRIVATE_EXTERN = NO;
				GCC_OPTIMIZATION_LEVEL = 0;
				GCC_PREPROCESSOR_DEFINITIONS = ("'CMAKE_INTDIR=\"$(CONFIGURATION)$(EFFECTIVE_PLATFORM_NAME)\"'","$(inherited)");
				GCC_SYMBOLS_PRIVATE_EXTERN = NO;
				INSTALL_PATH = "";
				ONLY_ACTIVE_ARCH = NO;
				OTHER_LDFLAGS = ("","$(inherited)");
				OTHER_REZFLAGS = "";
				PRODUCT_NAME = ZERO_CHECK;
				SECTORDER_FLAGS = "";
				USE_HEADERMAP = NO;
				WARNING_CFLAGS = ("$(inherited)");
			};
			name = Release;
		};
		C9662F5948744B1490503A9C /* Release */ = {
			isa = XCBuildConfiguration;
			buildSettings = {
				ALWAYS_SEARCH_USER_PATHS = NO;
				ARCHS = arm64;
				COMBINE_HIDPI_IMAGES = YES;
				CONFIGURATION_BUILD_DIR = "/Users/aldric-l/Documents/C++ Dev/DDPG-Oligopolies-Simulator/Simulator/AKML-lib/AgentBasedUtilities/Release";
				EXECUTABLE_PREFIX = lib;
				EXECUTABLE_SUFFIX = .a;
				GCC_GENERATE_DEBUGGING_SYMBOLS = NO;
				GCC_INLINES_ARE_PRIVATE_EXTERN = NO;
				GCC_OPTIMIZATION_LEVEL = 3;
				GCC_PREPROCESSOR_DEFINITIONS = ("'CMAKE_INTDIR=\"$(CONFIGURATION)$(EFFECTIVE_PLATFORM_NAME)\"'","$(inherited)");
				GCC_SYMBOLS_PRIVATE_EXTERN = NO;
				HEADER_SEARCH_PATHS = ("\"/Users/aldric-l/Documents/C++ Dev/DDPG-Oligopolies-Simulator/Simulator\"","\"/Users/aldric-l/Documents/C++ Dev/DDPG-Oligopolies-Simulator/AKML-lib\"","$(inherited)");
				INSTALL_PATH = "";
				LIBRARY_STYLE = STATIC;
				ONLY_ACTIVE_ARCH = NO;
				OTHER_CPLUSPLUSFLAGS = " -std=c++20         -DNDEBUG '-std=gnu++20' ";
				OTHER_LIBTOOLFLAGS = ("");
				OTHER_REZFLAGS = "";
				PRODUCT_NAME = AKML_AgentBasedUtilities;
				SECTORDER_FLAGS = "";
				TARGET_TEMP_DIR = "/Users/aldric-l/Documents/C++ Dev/DDPG-Oligopolies-Simulator/build/AKML_AgentBasedUtilities.build/$(CONFIGURATION)$(EFFECTIVE_PLATFORM_NAME)";
				USE_HEADERMAP = NO;
				WARNING_CFLAGS = ("$(inherited)");
			};
			name = Release;
		};
		D3FE5DE98E0C4755A1FA8FEB /* RelWithDebInfo */ = {
			isa = XCBuildConfiguration;
			buildSettings = {
				ALWAYS_SEARCH_USER_PATHS = NO;
				ARCHS = arm64;
				COMBINE_HIDPI_IMAGES = YES;
				GCC_GENERATE_DEBUGGING_SYMBOLS = YES;
				GCC_INLINES_ARE_PRIVATE_EXTERN = NO;
				GCC_OPTIMIZATION_LEVEL = 0;
				GCC_PREPROCESSOR_DEFINITIONS = ("'CMAKE_INTDIR=\"$(CONFIGURATION)$(EFFECTIVE_PLATFORM_NAME)\"'","$(inherited)");
				GCC_SYMBOLS_PRIVATE_EXTERN = NO;
				INSTALL_PATH = "";
				ONLY_ACTIVE_ARCH = NO;
				OTHER_LDFLAGS = ("","$(inherited)");
				OTHER_REZFLAGS = "";
				PRODUCT_NAME = ZERO_CHECK;
				SECTORDER_FLAGS = "";
				USE_HEADERMAP = NO;
				WARNING_CFLAGS = ("$(inherited)");
			};
			name = RelWithDebInfo;
		};
		DE8034563AC84B15A06844A0 /* Release */ = {
			isa = XCBuildConfiguration;
			buildSettings = {
				ALWAYS_SEARCH_USER_PATHS = NO;
				ARCHS = arm64;
				COMBINE_HIDPI_IMAGES = YES;
				CONFIGURATION_BUILD_DIR = "/Users/aldric-l/Documents/C++ Dev/DDPG-Oligopolies-Simulator/Simulator/AKML-lib/Release";
				EXECUTABLE_PREFIX = lib;
				EXECUTABLE_SUFFIX = .a;
				GCC_GENERATE_DEBUGGING_SYMBOLS = NO;
				GCC_INLINES_ARE_PRIVATE_EXTERN = NO;
				GCC_OPTIMIZATION_LEVEL = 3;
				GCC_PREPROCESSOR_DEFINITIONS = ("'CMAKE_INTDIR=\"$(CONFIGURATION)$(EFFECTIVE_PLATFORM_NAME)\"'","$(inherited)");
				GCC_SYMBOLS_PRIVATE_EXTERN = NO;
				HEADER_SEARCH_PATHS = ("\"/Users/aldric-l/Documents/C++ Dev/DDPG-Oligopolies-Simulator/Simulator\"","\"/Users/aldric-l/Documents/C++ Dev/DDPG-Oligopolies-Simulator/AKML-lib\"","$(inherited)");
				INSTALL_PATH = "";
				LIBRARY_STYLE = STATIC;
				ONLY_ACTIVE_ARCH = NO;
				OTHER_CPLUSPLUSFLAGS = " -std=c++20         -DNDEBUG '-std=gnu++20' ";
				OTHER_LIBTOOLFLAGS = ("");
				OTHER_REZFLAGS = "";
				PRODUCT_NAME = AKML;
				SECTORDER_FLAGS = "";
				TARGET_TEMP_DIR = "/Users/aldric-l/Documents/C++ Dev/DDPG-Oligopolies-Simulator/build/AKML.build/$(CONFIGURATION)$(EFFECTIVE_PLATFORM_NAME)";
				USE_HEADERMAP = NO;
				WARNING_CFLAGS = ("$(inherited)");
			};
			name = Release;
		};
		E26F73CA7CB1462CAF5355D1 /* RelWithDebInfo */ = {
			isa = XCBuildConfiguration;
			buildSettings = {
				ALWAYS_SEARCH_USER_PATHS = NO;
				ARCHS = arm64;
				COMBINE_HIDPI_IMAGES = YES;
				CONFIGURATION_BUILD_DIR = "/Users/aldric-l/Documents/C++ Dev/DDPG-Oligopolies-Simulator/Simulator/AKML-lib/AgentBasedUtilities/RelWithDebInfo";
				EXECUTABLE_PREFIX = lib;
				EXECUTABLE_SUFFIX = .a;
				GCC_GENERATE_DEBUGGING_SYMBOLS = YES;
				GCC_INLINES_ARE_PRIVATE_EXTERN = NO;
				GCC_OPTIMIZATION_LEVEL = 2;
				GCC_PREPROCESSOR_DEFINITIONS = ("'CMAKE_INTDIR=\"$(CONFIGURATION)$(EFFECTIVE_PLATFORM_NAME)\"'","$(inherited)");
				GCC_SYMBOLS_PRIVATE_EXTERN = NO;
				HEADER_SEARCH_PATHS = ("\"/Users/aldric-l/Documents/C++ Dev/DDPG-Oligopolies-Simulator/Simulator\"","\"/Users/aldric-l/Documents/C++ Dev/DDPG-Oligopolies-Simulator/AKML-lib\"","$(inherited)");
				INSTALL_PATH = "";
				LIBRARY_STYLE = STATIC;
				ONLY_ACTIVE_ARCH = NO;
				OTHER_CPLUSPLUSFLAGS = " -std=c++20            -DNDEBUG '-std=gnu++20' ";
				OTHER_LIBTOOLFLAGS = ("");
				OTHER_REZFLAGS = "";
				PRODUCT_NAME = AKML_AgentBasedUtilities;
				SECTORDER_FLAGS = "";
				TARGET_TEMP_DIR = "/Users/aldric-l/Documents/C++ Dev/DDPG-Oligopolies-Simulator/build/AKML_AgentBasedUtilities.build/$(CONFIGURATION)$(EFFECTIVE_PLATFORM_NAME)";
				USE_HEADERMAP = NO;
				WARNING_CFLAGS = ("$(inherited)");
			};
			name = RelWithDebInfo;
		};
/* End XCBuildConfiguration section */

/* Begin XCConfigurationList section */
		30EC206BFF384C13ABD0055A /* Build configuration list for PBXProject "DDPG-Oligopolies-Simulator" */ = {
			isa = XCConfigurationList;
			buildConfigurations = (
				8136F99387384B1E979A7DF6 /* Debug */,
				24817F80AC28491B9CCA94D0 /* Release */,
				C7377F428EC94D868B71E5C1 /* MinSizeRel */,
				82BB6978AFE84412820E77CC /* RelWithDebInfo */,
			);
			defaultConfigurationIsVisible = 0;
			defaultConfigurationName = Debug;
		};
		517704D2D2CC4DE1A1A68069 /* Build configuration list for PBXAggregateTarget "ZERO_CHECK" */ = {
			isa = XCConfigurationList;
			buildConfigurations = (
				9A9581BAE377494A8F77EDD6 /* Debug */,
				C8ED729EF93A4E3B9ACFEA4D /* Release */,
				A47C6CDA599048358113714E /* MinSizeRel */,
				D3FE5DE98E0C4755A1FA8FEB /* RelWithDebInfo */,
			);
			defaultConfigurationIsVisible = 0;
			defaultConfigurationName = Debug;
		};
		5E6CA2B4F86C48BB8A4A2CD1 /* Build configuration list for PBXNativeTarget "AKML_AgentBasedUtilities" */ = {
			isa = XCConfigurationList;
			buildConfigurations = (
				981DC8AE9C44498A93C9DA79 /* Debug */,
				C9662F5948744B1490503A9C /* Release */,
				05C4DAF8D834496985993875 /* MinSizeRel */,
				E26F73CA7CB1462CAF5355D1 /* RelWithDebInfo */,
			);
			defaultConfigurationIsVisible = 0;
			defaultConfigurationName = Debug;
		};
		847D471AC2C641B4817BD5EB /* Build configuration list for PBXNativeTarget "AKML" */ = {
			isa = XCConfigurationList;
			buildConfigurations = (
				34087A9F1A084AE2A14A3DFA /* Debug */,
				DE8034563AC84B15A06844A0 /* Release */,
				75DECB21539847B0ABB384FD /* MinSizeRel */,
				55B4FE7E0DDC43B3BCA83BD9 /* RelWithDebInfo */,
			);
			defaultConfigurationIsVisible = 0;
			defaultConfigurationName = Debug;
		};
		C805B456D17640A098138CA4 /* Build configuration list for PBXNativeTarget "DDPG-Oligopolies-Simulator" */ = {
			isa = XCConfigurationList;
			buildConfigurations = (
				4EB7F9085B32404BB3A14104 /* Debug */,
				59D905A9F6DB40AA97E8687E /* Release */,
				A39475D99B504CF9AF734A1E /* MinSizeRel */,
				7817D4A1C2514CFF99877A80 /* RelWithDebInfo */,
			);
			defaultConfigurationIsVisible = 0;
			defaultConfigurationName = Debug;
		};
		FDC30B23E97E4F46BEE4DA2C /* Build configuration list for PBXAggregateTarget "ALL_BUILD" */ = {
			isa = XCConfigurationList;
			buildConfigurations = (
				8021579183EF44D8A9FAE933 /* Debug */,
				2C0D813373004CC0836859E5 /* Release */,
				4ECD60D63E5D439A80011E21 /* MinSizeRel */,
				378305FB7E0E4D1AB91D5307 /* RelWithDebInfo */,
			);
			defaultConfigurationIsVisible = 0;
			defaultConfigurationName = Debug;
		};
/* End XCConfigurationList section */
	};
	rootObject = 068B78A1FFD04236878838E8 /* Project object */;
}
